
Microsoft Visual Studio Solution File, Format Version 12.00
# Visual Studio 15
VisualStudioVersion = 15.0.28010.2048
MinimumVisualStudioVersion = 10.0.40219.1
Project("{FAE04EC0-301F-11D3-BF4B-00C04F79EFBC}") = "webapi", "webapi\webapi.csproj", "{4479267C-3A3B-45B2-8857-B8D134602DB6}"
EndProject
Project("{FAE04EC0-301F-11D3-BF4B-00C04F79EFBC}") = "WebApiQuest", "WebApiQuest\WebApiQuest.csproj", "{A54960F7-2002-4BD9-BE37-A2AC839A0F70}"
EndProject
Global
	GlobalSection(SolutionConfigurationPlatforms) = preSolution
		Debug|Any CPU = Debug|Any CPU
		Release|Any CPU = Release|Any CPU
	EndGlobalSection
	GlobalSection(ProjectConfigurationPlatforms) = postSolution
		{4479267C-3A3B-45B2-8857-B8D134602DB6}.Debug|Any CPU.ActiveCfg = Debug|Any CPU
		{4479267C-3A3B-45B2-8857-B8D134602DB6}.Debug|Any CPU.Build.0 = Debug|Any CPU
		{4479267C-3A3B-45B2-8857-B8D134602DB6}.Release|Any CPU.ActiveCfg = Release|Any CPU
		{4479267C-3A3B-45B2-8857-B8D134602DB6}.Release|Any CPU.Build.0 = Release|Any CPU
		{A54960F7-2002-4BD9-BE37-A2AC839A0F70}.Debug|Any CPU.ActiveCfg = Debug|Any CPU
		{A54960F7-2002-4BD9-BE37-A2AC839A0F70}.Debug|Any CPU.Build.0 = Debug|Any CPU
		{A54960F7-2002-4BD9-BE37-A2AC839A0F70}.Release|Any CPU.ActiveCfg = Release|Any CPU
		{A54960F7-2002-4BD9-BE37-A2AC839A0F70}.Release|Any CPU.Build.0 = Release|Any CPU
	EndGlobalSection
	GlobalSection(SolutionProperties) = preSolution
		HideSolutionNode = FALSE
	EndGlobalSection
	GlobalSection(ExtensibilityGlobals) = postSolution
		SolutionGuid = {77DFC0E9-C324-4AF9-9919-1C689910F80F}
	EndGlobalSection
EndGlobal
